// !$*UTF8*$!
{
	archiveVersion = 1;
	classes = {
	};
	objectVersion = 50;
	objects = {

/* Begin PBXBuildFile section */
		0910DC3520C4882A00133E30 /* ToolbarItems.swift in Sources */ = {isa = PBXBuildFile; fileRef = 0910DC3420C4882A00133E30 /* ToolbarItems.swift */; };
		0910DC3720C494D200133E30 /* PicturesUIViewController.swift in Sources */ = {isa = PBXBuildFile; fileRef = 0910DC3620C494D200133E30 /* PicturesUIViewController.swift */; };
		091712F720CCA996006A97F1 /* XCoreDataProtocol.swift in Sources */ = {isa = PBXBuildFile; fileRef = 091712F620CCA996006A97F1 /* XCoreDataProtocol.swift */; };
		09174C2720C7358F0049B9D8 /* UIImageCollectionViewCell.swift in Sources */ = {isa = PBXBuildFile; fileRef = 09174C2620C7358F0049B9D8 /* UIImageCollectionViewCell.swift */; };
		09174C2B20C7679D0049B9D8 /* VideosUIViewController.swift in Sources */ = {isa = PBXBuildFile; fileRef = 09174C2A20C7679D0049B9D8 /* VideosUIViewController.swift */; };
		0918000820E5C63B00C532D9 /* UIViewControllerExtension.swift in Sources */ = {isa = PBXBuildFile; fileRef = 0918000720E5C63B00C532D9 /* UIViewControllerExtension.swift */; };
		0918000C20E5F44F00C532D9 /* UIColorExtentions.swift in Sources */ = {isa = PBXBuildFile; fileRef = 0918000B20E5F44F00C532D9 /* UIColorExtentions.swift */; };
		09182E4320E491B7006558A4 /* UIImageExtension.swift in Sources */ = {isa = PBXBuildFile; fileRef = 09182E4220E491B7006558A4 /* UIImageExtension.swift */; };
		09182E4520E4932C006558A4 /* EditWhyViewController.swift in Sources */ = {isa = PBXBuildFile; fileRef = 09182E4420E4932C006558A4 /* EditWhyViewController.swift */; };
		093DEA6820C0CDAC00AF0CF4 /* AppDelegate.swift in Sources */ = {isa = PBXBuildFile; fileRef = 093DEA6720C0CDAC00AF0CF4 /* AppDelegate.swift */; };
		093DEA7020C0CDAC00AF0CF4 /* WhyApp.xcdatamodeld in Sources */ = {isa = PBXBuildFile; fileRef = 093DEA6E20C0CDAC00AF0CF4 /* WhyApp.xcdatamodeld */; };
		093DEA7220C0CDAD00AF0CF4 /* Assets.xcassets in Resources */ = {isa = PBXBuildFile; fileRef = 093DEA7120C0CDAD00AF0CF4 /* Assets.xcassets */; };
		093DEA7520C0CDAD00AF0CF4 /* LaunchScreen.storyboard in Resources */ = {isa = PBXBuildFile; fileRef = 093DEA7320C0CDAD00AF0CF4 /* LaunchScreen.storyboard */; };
		093DEA8020C0CDAD00AF0CF4 /* WhyAppTests.swift in Sources */ = {isa = PBXBuildFile; fileRef = 093DEA7F20C0CDAD00AF0CF4 /* WhyAppTests.swift */; };
		093DEA8B20C0CDAD00AF0CF4 /* WhyAppUITests.swift in Sources */ = {isa = PBXBuildFile; fileRef = 093DEA8A20C0CDAD00AF0CF4 /* WhyAppUITests.swift */; };
		093DEA9A20C0CF2E00AF0CF4 /* UIGradientView.swift in Sources */ = {isa = PBXBuildFile; fileRef = 093DEA9920C0CF2E00AF0CF4 /* UIGradientView.swift */; };
		09598E6B20C1C4910003FDAF /* GoalsUIViewController.swift in Sources */ = {isa = PBXBuildFile; fileRef = 09598E6A20C1C4910003FDAF /* GoalsUIViewController.swift */; };
		09598E6F20C1C9EE0003FDAF /* UIAddElementButton.swift in Sources */ = {isa = PBXBuildFile; fileRef = 09598E6E20C1C9EE0003FDAF /* UIAddElementButton.swift */; };
		09598E7320C1DADC0003FDAF /* RoundElementsUITableViewController.swift in Sources */ = {isa = PBXBuildFile; fileRef = 09598E7220C1DADC0003FDAF /* RoundElementsUITableViewController.swift */; };
		09598E7520C1E33D0003FDAF /* NotesUIViewController.swift in Sources */ = {isa = PBXBuildFile; fileRef = 09598E7420C1E33D0003FDAF /* NotesUIViewController.swift */; };
		095B733D20CB275000110C91 /* CoreDataLists.swift in Sources */ = {isa = PBXBuildFile; fileRef = 095B733C20CB275000110C91 /* CoreDataLists.swift */; };
		097FAFEA20D16E7D00B1C325 /* StandardViewControllerProtocol.swift in Sources */ = {isa = PBXBuildFile; fileRef = 097FAFE920D16E7D00B1C325 /* StandardViewControllerProtocol.swift */; };
		09CC247520ED2B7E00C03930 /* CoreDataModelExtensions.swift in Sources */ = {isa = PBXBuildFile; fileRef = 09CC247420ED2B7E00C03930 /* CoreDataModelExtensions.swift */; };
		09F6BBD120D86D84001FA5CA /* CDPersistenceService.swift in Sources */ = {isa = PBXBuildFile; fileRef = 09F6BBD020D86D84001FA5CA /* CDPersistenceService.swift */; };
/* End PBXBuildFile section */

/* Begin PBXContainerItemProxy section */
		093DEA7C20C0CDAD00AF0CF4 /* PBXContainerItemProxy */ = {
			isa = PBXContainerItemProxy;
			containerPortal = 093DEA5C20C0CDAC00AF0CF4 /* Project object */;
			proxyType = 1;
			remoteGlobalIDString = 093DEA6320C0CDAC00AF0CF4;
			remoteInfo = WhyApp;
		};
		093DEA8720C0CDAD00AF0CF4 /* PBXContainerItemProxy */ = {
			isa = PBXContainerItemProxy;
			containerPortal = 093DEA5C20C0CDAC00AF0CF4 /* Project object */;
			proxyType = 1;
			remoteGlobalIDString = 093DEA6320C0CDAC00AF0CF4;
			remoteInfo = WhyApp;
		};
/* End PBXContainerItemProxy section */

/* Begin PBXFileReference section */
		0910DC3420C4882A00133E30 /* ToolbarItems.swift */ = {isa = PBXFileReference; lastKnownFileType = sourcecode.swift; path = ToolbarItems.swift; sourceTree = "<group>"; };
		0910DC3620C494D200133E30 /* PicturesUIViewController.swift */ = {isa = PBXFileReference; lastKnownFileType = sourcecode.swift; path = PicturesUIViewController.swift; sourceTree = "<group>"; };
		091712F620CCA996006A97F1 /* XCoreDataProtocol.swift */ = {isa = PBXFileReference; lastKnownFileType = sourcecode.swift; path = XCoreDataProtocol.swift; sourceTree = "<group>"; };
		09174C2620C7358F0049B9D8 /* UIImageCollectionViewCell.swift */ = {isa = PBXFileReference; lastKnownFileType = sourcecode.swift; path = UIImageCollectionViewCell.swift; sourceTree = "<group>"; };
		09174C2A20C7679D0049B9D8 /* VideosUIViewController.swift */ = {isa = PBXFileReference; lastKnownFileType = sourcecode.swift; path = VideosUIViewController.swift; sourceTree = "<group>"; };
		0918000720E5C63B00C532D9 /* UIViewControllerExtension.swift */ = {isa = PBXFileReference; lastKnownFileType = sourcecode.swift; path = UIViewControllerExtension.swift; sourceTree = "<group>"; };
		0918000B20E5F44F00C532D9 /* UIColorExtentions.swift */ = {isa = PBXFileReference; lastKnownFileType = sourcecode.swift; path = UIColorExtentions.swift; sourceTree = "<group>"; };
		09182E4220E491B7006558A4 /* UIImageExtension.swift */ = {isa = PBXFileReference; lastKnownFileType = sourcecode.swift; path = UIImageExtension.swift; sourceTree = "<group>"; };
		09182E4420E4932C006558A4 /* EditWhyViewController.swift */ = {isa = PBXFileReference; lastKnownFileType = sourcecode.swift; path = EditWhyViewController.swift; sourceTree = "<group>"; };
		093DEA6420C0CDAC00AF0CF4 /* WhyApp.app */ = {isa = PBXFileReference; explicitFileType = wrapper.application; includeInIndex = 0; path = WhyApp.app; sourceTree = BUILT_PRODUCTS_DIR; };
		093DEA6720C0CDAC00AF0CF4 /* AppDelegate.swift */ = {isa = PBXFileReference; lastKnownFileType = sourcecode.swift; path = AppDelegate.swift; sourceTree = "<group>"; };
		093DEA6F20C0CDAC00AF0CF4 /* WhyApp.xcdatamodel */ = {isa = PBXFileReference; lastKnownFileType = wrapper.xcdatamodel; path = WhyApp.xcdatamodel; sourceTree = "<group>"; };
		093DEA7120C0CDAD00AF0CF4 /* Assets.xcassets */ = {isa = PBXFileReference; lastKnownFileType = folder.assetcatalog; path = Assets.xcassets; sourceTree = "<group>"; };
		093DEA7420C0CDAD00AF0CF4 /* Base */ = {isa = PBXFileReference; lastKnownFileType = file.storyboard; name = Base; path = Base.lproj/LaunchScreen.storyboard; sourceTree = "<group>"; };
		093DEA7620C0CDAD00AF0CF4 /* Info.plist */ = {isa = PBXFileReference; lastKnownFileType = text.plist.xml; path = Info.plist; sourceTree = "<group>"; };
		093DEA7B20C0CDAD00AF0CF4 /* WhyAppTests.xctest */ = {isa = PBXFileReference; explicitFileType = wrapper.cfbundle; includeInIndex = 0; path = WhyAppTests.xctest; sourceTree = BUILT_PRODUCTS_DIR; };
		093DEA7F20C0CDAD00AF0CF4 /* WhyAppTests.swift */ = {isa = PBXFileReference; lastKnownFileType = sourcecode.swift; path = WhyAppTests.swift; sourceTree = "<group>"; };
		093DEA8120C0CDAD00AF0CF4 /* Info.plist */ = {isa = PBXFileReference; lastKnownFileType = text.plist.xml; path = Info.plist; sourceTree = "<group>"; };
		093DEA8620C0CDAD00AF0CF4 /* WhyAppUITests.xctest */ = {isa = PBXFileReference; explicitFileType = wrapper.cfbundle; includeInIndex = 0; path = WhyAppUITests.xctest; sourceTree = BUILT_PRODUCTS_DIR; };
		093DEA8A20C0CDAD00AF0CF4 /* WhyAppUITests.swift */ = {isa = PBXFileReference; lastKnownFileType = sourcecode.swift; path = WhyAppUITests.swift; sourceTree = "<group>"; };
		093DEA8C20C0CDAD00AF0CF4 /* Info.plist */ = {isa = PBXFileReference; lastKnownFileType = text.plist.xml; path = Info.plist; sourceTree = "<group>"; };
		093DEA9920C0CF2E00AF0CF4 /* UIGradientView.swift */ = {isa = PBXFileReference; lastKnownFileType = sourcecode.swift; path = UIGradientView.swift; sourceTree = "<group>"; };
		09598E6A20C1C4910003FDAF /* GoalsUIViewController.swift */ = {isa = PBXFileReference; lastKnownFileType = sourcecode.swift; path = GoalsUIViewController.swift; sourceTree = "<group>"; };
		09598E6E20C1C9EE0003FDAF /* UIAddElementButton.swift */ = {isa = PBXFileReference; lastKnownFileType = sourcecode.swift; path = UIAddElementButton.swift; sourceTree = "<group>"; };
		09598E7220C1DADC0003FDAF /* RoundElementsUITableViewController.swift */ = {isa = PBXFileReference; lastKnownFileType = sourcecode.swift; path = RoundElementsUITableViewController.swift; sourceTree = "<group>"; };
		09598E7420C1E33D0003FDAF /* NotesUIViewController.swift */ = {isa = PBXFileReference; lastKnownFileType = sourcecode.swift; path = NotesUIViewController.swift; sourceTree = "<group>"; };
		095B733C20CB275000110C91 /* CoreDataLists.swift */ = {isa = PBXFileReference; lastKnownFileType = sourcecode.swift; path = CoreDataLists.swift; sourceTree = "<group>"; };
		097FAFE920D16E7D00B1C325 /* StandardViewControllerProtocol.swift */ = {isa = PBXFileReference; lastKnownFileType = sourcecode.swift; path = StandardViewControllerProtocol.swift; sourceTree = "<group>"; };
		09CC247420ED2B7E00C03930 /* CoreDataModelExtensions.swift */ = {isa = PBXFileReference; lastKnownFileType = sourcecode.swift; path = CoreDataModelExtensions.swift; sourceTree = "<group>"; };
		09F6BBD020D86D84001FA5CA /* CDPersistenceService.swift */ = {isa = PBXFileReference; lastKnownFileType = sourcecode.swift; path = CDPersistenceService.swift; sourceTree = "<group>"; };
/* End PBXFileReference section */

/* Begin PBXFrameworksBuildPhase section */
		093DEA6120C0CDAC00AF0CF4 /* Frameworks */ = {
			isa = PBXFrameworksBuildPhase;
			buildActionMask = 2147483647;
			files = (
			);
			runOnlyForDeploymentPostprocessing = 0;
		};
		093DEA7820C0CDAD00AF0CF4 /* Frameworks */ = {
			isa = PBXFrameworksBuildPhase;
			buildActionMask = 2147483647;
			files = (
			);
			runOnlyForDeploymentPostprocessing = 0;
		};
		093DEA8320C0CDAD00AF0CF4 /* Frameworks */ = {
			isa = PBXFrameworksBuildPhase;
			buildActionMask = 2147483647;
			files = (
			);
			runOnlyForDeploymentPostprocessing = 0;
		};
/* End PBXFrameworksBuildPhase section */

/* Begin PBXGroup section */
		093DEA5B20C0CDAC00AF0CF4 = {
			isa = PBXGroup;
			children = (
				093DEA6620C0CDAC00AF0CF4 /* WhyApp */,
				093DEA7E20C0CDAD00AF0CF4 /* WhyAppTests */,
				093DEA8920C0CDAD00AF0CF4 /* WhyAppUITests */,
				093DEA6520C0CDAC00AF0CF4 /* Products */,
			);
			sourceTree = "<group>";
		};
		093DEA6520C0CDAC00AF0CF4 /* Products */ = {
			isa = PBXGroup;
			children = (
				093DEA6420C0CDAC00AF0CF4 /* WhyApp.app */,
				093DEA7B20C0CDAD00AF0CF4 /* WhyAppTests.xctest */,
				093DEA8620C0CDAD00AF0CF4 /* WhyAppUITests.xctest */,
			);
			name = Products;
			sourceTree = "<group>";
		};
		093DEA6620C0CDAC00AF0CF4 /* WhyApp */ = {
			isa = PBXGroup;
			children = (
				09CC247320ED2B6A00C03930 /* Extensions */,
				09CDB8A720D4582800260BC2 /* Protocols */,
				09AF0C8420DBE024008A8095 /* Utils */,
				093DEA9C20C0D57000AF0CF4 /* Controllers */,
				093DEA9820C0CEF200AF0CF4 /* UIViews */,
				093DEA6720C0CDAC00AF0CF4 /* AppDelegate.swift */,
				093DEA7120C0CDAD00AF0CF4 /* Assets.xcassets */,
				093DEA7320C0CDAD00AF0CF4 /* LaunchScreen.storyboard */,
				093DEA7620C0CDAD00AF0CF4 /* Info.plist */,
				093DEA6E20C0CDAC00AF0CF4 /* WhyApp.xcdatamodeld */,
			);
			path = WhyApp;
			sourceTree = "<group>";
		};
		093DEA7E20C0CDAD00AF0CF4 /* WhyAppTests */ = {
			isa = PBXGroup;
			children = (
				093DEA7F20C0CDAD00AF0CF4 /* WhyAppTests.swift */,
				093DEA8120C0CDAD00AF0CF4 /* Info.plist */,
			);
			path = WhyAppTests;
			sourceTree = "<group>";
		};
		093DEA8920C0CDAD00AF0CF4 /* WhyAppUITests */ = {
			isa = PBXGroup;
			children = (
				093DEA8A20C0CDAD00AF0CF4 /* WhyAppUITests.swift */,
				093DEA8C20C0CDAD00AF0CF4 /* Info.plist */,
			);
			path = WhyAppUITests;
			sourceTree = "<group>";
		};
		093DEA9820C0CEF200AF0CF4 /* UIViews */ = {
			isa = PBXGroup;
			children = (
				093DEA9920C0CF2E00AF0CF4 /* UIGradientView.swift */,
				09598E6E20C1C9EE0003FDAF /* UIAddElementButton.swift */,
				0910DC3420C4882A00133E30 /* ToolbarItems.swift */,
				09174C2620C7358F0049B9D8 /* UIImageCollectionViewCell.swift */,
			);
			path = UIViews;
			sourceTree = "<group>";
		};
		093DEA9C20C0D57000AF0CF4 /* Controllers */ = {
			isa = PBXGroup;
			children = (
				09CDB8A820D458F000260BC2 /* ChildControllers */,
				09598E6A20C1C4910003FDAF /* GoalsUIViewController.swift */,
				09598E7420C1E33D0003FDAF /* NotesUIViewController.swift */,
				0910DC3620C494D200133E30 /* PicturesUIViewController.swift */,
				09174C2A20C7679D0049B9D8 /* VideosUIViewController.swift */,
			);
			path = Controllers;
			sourceTree = "<group>";
		};
		09AF0C8420DBE024008A8095 /* Utils */ = {
			isa = PBXGroup;
			children = (
				09F6BBD020D86D84001FA5CA /* CDPersistenceService.swift */,
				095B733C20CB275000110C91 /* CoreDataLists.swift */,
			);
			path = Utils;
			sourceTree = "<group>";
		};
		09CC247320ED2B6A00C03930 /* Extensions */ = {
			isa = PBXGroup;
			children = (
				09CC247420ED2B7E00C03930 /* CoreDataModelExtensions.swift */,
				0918000B20E5F44F00C532D9 /* UIColorExtentions.swift */,
				0918000720E5C63B00C532D9 /* UIViewControllerExtension.swift */,
				09182E4220E491B7006558A4 /* UIImageExtension.swift */,
			);
			path = Extensions;
			sourceTree = "<group>";
		};
		09CDB8A720D4582800260BC2 /* Protocols */ = {
			isa = PBXGroup;
			children = (
				097FAFE920D16E7D00B1C325 /* StandardViewControllerProtocol.swift */,
				091712F620CCA996006A97F1 /* XCoreDataProtocol.swift */,
			);
			path = Protocols;
			sourceTree = "<group>";
		};
		09CDB8A820D458F000260BC2 /* ChildControllers */ = {
			isa = PBXGroup;
			children = (
				09598E7220C1DADC0003FDAF /* RoundElementsUITableViewController.swift */,
				09182E4420E4932C006558A4 /* EditWhyViewController.swift */,
			);
			path = ChildControllers;
			sourceTree = "<group>";
		};
/* End PBXGroup section */

/* Begin PBXNativeTarget section */
		093DEA6320C0CDAC00AF0CF4 /* WhyApp */ = {
			isa = PBXNativeTarget;
			buildConfigurationList = 093DEA8F20C0CDAD00AF0CF4 /* Build configuration list for PBXNativeTarget "WhyApp" */;
			buildPhases = (
				093DEA6020C0CDAC00AF0CF4 /* Sources */,
				093DEA6120C0CDAC00AF0CF4 /* Frameworks */,
				093DEA6220C0CDAC00AF0CF4 /* Resources */,
			);
			buildRules = (
			);
			dependencies = (
			);
			name = WhyApp;
			productName = WhyApp;
			productReference = 093DEA6420C0CDAC00AF0CF4 /* WhyApp.app */;
			productType = "com.apple.product-type.application";
		};
		093DEA7A20C0CDAD00AF0CF4 /* WhyAppTests */ = {
			isa = PBXNativeTarget;
			buildConfigurationList = 093DEA9220C0CDAD00AF0CF4 /* Build configuration list for PBXNativeTarget "WhyAppTests" */;
			buildPhases = (
				093DEA7720C0CDAD00AF0CF4 /* Sources */,
				093DEA7820C0CDAD00AF0CF4 /* Frameworks */,
				093DEA7920C0CDAD00AF0CF4 /* Resources */,
			);
			buildRules = (
			);
			dependencies = (
				093DEA7D20C0CDAD00AF0CF4 /* PBXTargetDependency */,
			);
			name = WhyAppTests;
			productName = WhyAppTests;
			productReference = 093DEA7B20C0CDAD00AF0CF4 /* WhyAppTests.xctest */;
			productType = "com.apple.product-type.bundle.unit-test";
		};
		093DEA8520C0CDAD00AF0CF4 /* WhyAppUITests */ = {
			isa = PBXNativeTarget;
			buildConfigurationList = 093DEA9520C0CDAD00AF0CF4 /* Build configuration list for PBXNativeTarget "WhyAppUITests" */;
			buildPhases = (
				093DEA8220C0CDAD00AF0CF4 /* Sources */,
				093DEA8320C0CDAD00AF0CF4 /* Frameworks */,
				093DEA8420C0CDAD00AF0CF4 /* Resources */,
			);
			buildRules = (
			);
			dependencies = (
				093DEA8820C0CDAD00AF0CF4 /* PBXTargetDependency */,
			);
			name = WhyAppUITests;
			productName = WhyAppUITests;
			productReference = 093DEA8620C0CDAD00AF0CF4 /* WhyAppUITests.xctest */;
			productType = "com.apple.product-type.bundle.ui-testing";
		};
/* End PBXNativeTarget section */

/* Begin PBXProject section */
		093DEA5C20C0CDAC00AF0CF4 /* Project object */ = {
			isa = PBXProject;
			attributes = {
				LastSwiftUpdateCheck = 0940;
				LastUpgradeCheck = 0940;
				ORGANIZATIONNAME = "Joriah Lasater";
				TargetAttributes = {
					093DEA6320C0CDAC00AF0CF4 = {
						CreatedOnToolsVersion = 9.4;
					};
					093DEA7A20C0CDAD00AF0CF4 = {
						CreatedOnToolsVersion = 9.4;
						TestTargetID = 093DEA6320C0CDAC00AF0CF4;
					};
					093DEA8520C0CDAD00AF0CF4 = {
						CreatedOnToolsVersion = 9.4;
						TestTargetID = 093DEA6320C0CDAC00AF0CF4;
					};
				};
			};
			buildConfigurationList = 093DEA5F20C0CDAC00AF0CF4 /* Build configuration list for PBXProject "WhyApp" */;
			compatibilityVersion = "Xcode 9.3";
			developmentRegion = en;
			hasScannedForEncodings = 0;
			knownRegions = (
				en,
				Base,
			);
			mainGroup = 093DEA5B20C0CDAC00AF0CF4;
			productRefGroup = 093DEA6520C0CDAC00AF0CF4 /* Products */;
			projectDirPath = "";
			projectRoot = "";
			targets = (
				093DEA6320C0CDAC00AF0CF4 /* WhyApp */,
				093DEA7A20C0CDAD00AF0CF4 /* WhyAppTests */,
				093DEA8520C0CDAD00AF0CF4 /* WhyAppUITests */,
			);
		};
/* End PBXProject section */

/* Begin PBXResourcesBuildPhase section */
		093DEA6220C0CDAC00AF0CF4 /* Resources */ = {
			isa = PBXResourcesBuildPhase;
			buildActionMask = 2147483647;
			files = (
				093DEA7520C0CDAD00AF0CF4 /* LaunchScreen.storyboard in Resources */,
				093DEA7220C0CDAD00AF0CF4 /* Assets.xcassets in Resources */,
			);
			runOnlyForDeploymentPostprocessing = 0;
		};
		093DEA7920C0CDAD00AF0CF4 /* Resources */ = {
			isa = PBXResourcesBuildPhase;
			buildActionMask = 2147483647;
			files = (
			);
			runOnlyForDeploymentPostprocessing = 0;
		};
		093DEA8420C0CDAD00AF0CF4 /* Resources */ = {
			isa = PBXResourcesBuildPhase;
			buildActionMask = 2147483647;
			files = (
			);
			runOnlyForDeploymentPostprocessing = 0;
		};
/* End PBXResourcesBuildPhase section */

/* Begin PBXSourcesBuildPhase section */
		093DEA6020C0CDAC00AF0CF4 /* Sources */ = {
			isa = PBXSourcesBuildPhase;
			buildActionMask = 2147483647;
			files = (
				09598E7520C1E33D0003FDAF /* NotesUIViewController.swift in Sources */,
				095B733D20CB275000110C91 /* CoreDataLists.swift in Sources */,
				0918000820E5C63B00C532D9 /* UIViewControllerExtension.swift in Sources */,
				09182E4320E491B7006558A4 /* UIImageExtension.swift in Sources */,
				09CC247520ED2B7E00C03930 /* CoreDataModelExtensions.swift in Sources */,
				09F6BBD120D86D84001FA5CA /* CDPersistenceService.swift in Sources */,
				093DEA7020C0CDAC00AF0CF4 /* WhyApp.xcdatamodeld in Sources */,
				0918000C20E5F44F00C532D9 /* UIColorExtentions.swift in Sources */,
				09174C2B20C7679D0049B9D8 /* VideosUIViewController.swift in Sources */,
				09598E7320C1DADC0003FDAF /* RoundElementsUITableViewController.swift in Sources */,
				091712F720CCA996006A97F1 /* XCoreDataProtocol.swift in Sources */,
				097FAFEA20D16E7D00B1C325 /* StandardViewControllerProtocol.swift in Sources */,
				093DEA9A20C0CF2E00AF0CF4 /* UIGradientView.swift in Sources */,
				09174C2720C7358F0049B9D8 /* UIImageCollectionViewCell.swift in Sources */,
				0910DC3520C4882A00133E30 /* ToolbarItems.swift in Sources */,
				09598E6F20C1C9EE0003FDAF /* UIAddElementButton.swift in Sources */,
				09182E4520E4932C006558A4 /* EditWhyViewController.swift in Sources */,
				093DEA6820C0CDAC00AF0CF4 /* AppDelegate.swift in Sources */,
				0910DC3720C494D200133E30 /* PicturesUIViewController.swift in Sources */,
				09598E6B20C1C4910003FDAF /* GoalsUIViewController.swift in Sources */,
			);
			runOnlyForDeploymentPostprocessing = 0;
		};
		093DEA7720C0CDAD00AF0CF4 /* Sources */ = {
			isa = PBXSourcesBuildPhase;
			buildActionMask = 2147483647;
			files = (
				093DEA8020C0CDAD00AF0CF4 /* WhyAppTests.swift in Sources */,
			);
			runOnlyForDeploymentPostprocessing = 0;
		};
		093DEA8220C0CDAD00AF0CF4 /* Sources */ = {
			isa = PBXSourcesBuildPhase;
			buildActionMask = 2147483647;
			files = (
				093DEA8B20C0CDAD00AF0CF4 /* WhyAppUITests.swift in Sources */,
			);
			runOnlyForDeploymentPostprocessing = 0;
		};
/* End PBXSourcesBuildPhase section */

/* Begin PBXTargetDependency section */
		093DEA7D20C0CDAD00AF0CF4 /* PBXTargetDependency */ = {
			isa = PBXTargetDependency;
			target = 093DEA6320C0CDAC00AF0CF4 /* WhyApp */;
			targetProxy = 093DEA7C20C0CDAD00AF0CF4 /* PBXContainerItemProxy */;
		};
		093DEA8820C0CDAD00AF0CF4 /* PBXTargetDependency */ = {
			isa = PBXTargetDependency;
			target = 093DEA6320C0CDAC00AF0CF4 /* WhyApp */;
			targetProxy = 093DEA8720C0CDAD00AF0CF4 /* PBXContainerItemProxy */;
		};
/* End PBXTargetDependency section */

/* Begin PBXVariantGroup section */
		093DEA7320C0CDAD00AF0CF4 /* LaunchScreen.storyboard */ = {
			isa = PBXVariantGroup;
			children = (
				093DEA7420C0CDAD00AF0CF4 /* Base */,
			);
			name = LaunchScreen.storyboard;
			sourceTree = "<group>";
		};
/* End PBXVariantGroup section */

/* Begin XCBuildConfiguration section */
		093DEA8D20C0CDAD00AF0CF4 /* Debug */ = {
			isa = XCBuildConfiguration;
			buildSettings = {
				ALWAYS_SEARCH_USER_PATHS = NO;
				CLANG_ANALYZER_NONNULL = YES;
				CLANG_ANALYZER_NUMBER_OBJECT_CONVERSION = YES_AGGRESSIVE;
				CLANG_CXX_LANGUAGE_STANDARD = "gnu++14";
				CLANG_CXX_LIBRARY = "libc++";
				CLANG_ENABLE_MODULES = YES;
				CLANG_ENABLE_OBJC_ARC = YES;
				CLANG_ENABLE_OBJC_WEAK = YES;
				CLANG_WARN_BLOCK_CAPTURE_AUTORELEASING = YES;
				CLANG_WARN_BOOL_CONVERSION = YES;
				CLANG_WARN_COMMA = YES;
				CLANG_WARN_CONSTANT_CONVERSION = YES;
				CLANG_WARN_DEPRECATED_OBJC_IMPLEMENTATIONS = YES;
				CLANG_WARN_DIRECT_OBJC_ISA_USAGE = YES_ERROR;
				CLANG_WARN_DOCUMENTATION_COMMENTS = YES;
				CLANG_WARN_EMPTY_BODY = YES;
				CLANG_WARN_ENUM_CONVERSION = YES;
				CLANG_WARN_INFINITE_RECURSION = YES;
				CLANG_WARN_INT_CONVERSION = YES;
				CLANG_WARN_NON_LITERAL_NULL_CONVERSION = YES;
				CLANG_WARN_OBJC_IMPLICIT_RETAIN_SELF = YES;
				CLANG_WARN_OBJC_LITERAL_CONVERSION = YES;
				CLANG_WARN_OBJC_ROOT_CLASS = YES_ERROR;
				CLANG_WARN_RANGE_LOOP_ANALYSIS = YES;
				CLANG_WARN_STRICT_PROTOTYPES = YES;
				CLANG_WARN_SUSPICIOUS_MOVE = YES;
				CLANG_WARN_UNGUARDED_AVAILABILITY = YES_AGGRESSIVE;
				CLANG_WARN_UNREACHABLE_CODE = YES;
				CLANG_WARN__DUPLICATE_METHOD_MATCH = YES;
				CODE_SIGN_IDENTITY = "iPhone Developer";
				COPY_PHASE_STRIP = NO;
				DEBUG_INFORMATION_FORMAT = dwarf;
				ENABLE_STRICT_OBJC_MSGSEND = YES;
				ENABLE_TESTABILITY = YES;
				GCC_C_LANGUAGE_STANDARD = gnu11;
				GCC_DYNAMIC_NO_PIC = NO;
				GCC_NO_COMMON_BLOCKS = YES;
				GCC_OPTIMIZATION_LEVEL = 0;
				GCC_PREPROCESSOR_DEFINITIONS = (
					"DEBUG=1",
					"$(inherited)",
				);
				GCC_WARN_64_TO_32_BIT_CONVERSION = YES;
				GCC_WARN_ABOUT_RETURN_TYPE = YES_ERROR;
				GCC_WARN_UNDECLARED_SELECTOR = YES;
				GCC_WARN_UNINITIALIZED_AUTOS = YES_AGGRESSIVE;
				GCC_WARN_UNUSED_FUNCTION = YES;
				GCC_WARN_UNUSED_VARIABLE = YES;
				IPHONEOS_DEPLOYMENT_TARGET = 11.4;
				MTL_ENABLE_DEBUG_INFO = YES;
				ONLY_ACTIVE_ARCH = YES;
				SDKROOT = iphoneos;
				SWIFT_ACTIVE_COMPILATION_CONDITIONS = DEBUG;
				SWIFT_OPTIMIZATION_LEVEL = "-Onone";
			};
			name = Debug;
		};
		093DEA8E20C0CDAD00AF0CF4 /* Release */ = {
			isa = XCBuildConfiguration;
			buildSettings = {
				ALWAYS_SEARCH_USER_PATHS = NO;
				CLANG_ANALYZER_NONNULL = YES;
				CLANG_ANALYZER_NUMBER_OBJECT_CONVERSION = YES_AGGRESSIVE;
				CLANG_CXX_LANGUAGE_STANDARD = "gnu++14";
				CLANG_CXX_LIBRARY = "libc++";
				CLANG_ENABLE_MODULES = YES;
				CLANG_ENABLE_OBJC_ARC = YES;
				CLANG_ENABLE_OBJC_WEAK = YES;
				CLANG_WARN_BLOCK_CAPTURE_AUTORELEASING = YES;
				CLANG_WARN_BOOL_CONVERSION = YES;
				CLANG_WARN_COMMA = YES;
				CLANG_WARN_CONSTANT_CONVERSION = YES;
				CLANG_WARN_DEPRECATED_OBJC_IMPLEMENTATIONS = YES;
				CLANG_WARN_DIRECT_OBJC_ISA_USAGE = YES_ERROR;
				CLANG_WARN_DOCUMENTATION_COMMENTS = YES;
				CLANG_WARN_EMPTY_BODY = YES;
				CLANG_WARN_ENUM_CONVERSION = YES;
				CLANG_WARN_INFINITE_RECURSION = YES;
				CLANG_WARN_INT_CONVERSION = YES;
				CLANG_WARN_NON_LITERAL_NULL_CONVERSION = YES;
				CLANG_WARN_OBJC_IMPLICIT_RETAIN_SELF = YES;
				CLANG_WARN_OBJC_LITERAL_CONVERSION = YES;
				CLANG_WARN_OBJC_ROOT_CLASS = YES_ERROR;
				CLANG_WARN_RANGE_LOOP_ANALYSIS = YES;
				CLANG_WARN_STRICT_PROTOTYPES = YES;
				CLANG_WARN_SUSPICIOUS_MOVE = YES;
				CLANG_WARN_UNGUARDED_AVAILABILITY = YES_AGGRESSIVE;
				CLANG_WARN_UNREACHABLE_CODE = YES;
				CLANG_WARN__DUPLICATE_METHOD_MATCH = YES;
				CODE_SIGN_IDENTITY = "iPhone Developer";
				COPY_PHASE_STRIP = NO;
				DEBUG_INFORMATION_FORMAT = "dwarf-with-dsym";
				ENABLE_NS_ASSERTIONS = NO;
				ENABLE_STRICT_OBJC_MSGSEND = YES;
				GCC_C_LANGUAGE_STANDARD = gnu11;
				GCC_NO_COMMON_BLOCKS = YES;
				GCC_WARN_64_TO_32_BIT_CONVERSION = YES;
				GCC_WARN_ABOUT_RETURN_TYPE = YES_ERROR;
				GCC_WARN_UNDECLARED_SELECTOR = YES;
				GCC_WARN_UNINITIALIZED_AUTOS = YES_AGGRESSIVE;
				GCC_WARN_UNUSED_FUNCTION = YES;
				GCC_WARN_UNUSED_VARIABLE = YES;
				IPHONEOS_DEPLOYMENT_TARGET = 11.4;
				MTL_ENABLE_DEBUG_INFO = NO;
				SDKROOT = iphoneos;
				SWIFT_COMPILATION_MODE = wholemodule;
				SWIFT_OPTIMIZATION_LEVEL = "-O";
				VALIDATE_PRODUCT = YES;
			};
			name = Release;
		};
		093DEA9020C0CDAD00AF0CF4 /* Debug */ = {
			isa = XCBuildConfiguration;
			buildSettings = {
				ASSETCATALOG_COMPILER_APPICON_NAME = AppIcon;
				CODE_SIGN_STYLE = Automatic;
				DEVELOPMENT_TEAM = BMHTCPUWH7;
				INFOPLIST_FILE = WhyApp/Info.plist;
				IPHONEOS_DEPLOYMENT_TARGET = 11.0;
				LD_RUNPATH_SEARCH_PATHS = (
					"$(inherited)",
					"@executable_path/Frameworks",
				);
				PRODUCT_BUNDLE_IDENTIFIER = me.joriahlasater.ios.WhyApp;
				PRODUCT_NAME = "$(TARGET_NAME)";
				SWIFT_VERSION = 4.0;
				TARGETED_DEVICE_FAMILY = "1,2";
			};
			name = Debug;
		};
		093DEA9120C0CDAD00AF0CF4 /* Release */ = {
			isa = XCBuildConfiguration;
			buildSettings = {
				ASSETCATALOG_COMPILER_APPICON_NAME = AppIcon;
				CODE_SIGN_STYLE = Automatic;
				DEVELOPMENT_TEAM = BMHTCPUWH7;
				INFOPLIST_FILE = WhyApp/Info.plist;
				IPHONEOS_DEPLOYMENT_TARGET = 11.0;
				LD_RUNPATH_SEARCH_PATHS = (
					"$(inherited)",
					"@executable_path/Frameworks",
				);
				PRODUCT_BUNDLE_IDENTIFIER = me.joriahlasater.ios.WhyApp;
				PRODUCT_NAME = "$(TARGET_NAME)";
				SWIFT_VERSION = 4.0;
				TARGETED_DEVICE_FAMILY = "1,2";
			};
			name = Release;
		};
		093DEA9320C0CDAD00AF0CF4 /* Debug */ = {
			isa = XCBuildConfiguration;
			buildSettings = {
				ALWAYS_EMBED_SWIFT_STANDARD_LIBRARIES = YES;
				BUNDLE_LOADER = "$(TEST_HOST)";
				CODE_SIGN_STYLE = Automatic;
				DEVELOPMENT_TEAM = BMHTCPUWH7;
				INFOPLIST_FILE = WhyAppTests/Info.plist;
				LD_RUNPATH_SEARCH_PATHS = (
					"$(inherited)",
					"@executable_path/Frameworks",
					"@loader_path/Frameworks",
				);
				PRODUCT_BUNDLE_IDENTIFIER = me.joriahlasater.ios.WhyAppTests;
				PRODUCT_NAME = "$(TARGET_NAME)";
				SWIFT_VERSION = 4.0;
				TARGETED_DEVICE_FAMILY = "1,2";
				TEST_HOST = "$(BUILT_PRODUCTS_DIR)/WhyApp.app/WhyApp";
			};
			name = Debug;
		};
		093DEA9420C0CDAD00AF0CF4 /* Release */ = {
			isa = XCBuildConfiguration;
			buildSettings = {
				ALWAYS_EMBED_SWIFT_STANDARD_LIBRARIES = YES;
				BUNDLE_LOADER = "$(TEST_HOST)";
				CODE_SIGN_STYLE = Automatic;
				DEVELOPMENT_TEAM = BMHTCPUWH7;
				INFOPLIST_FILE = WhyAppTests/Info.plist;
				LD_RUNPATH_SEARCH_PATHS = (
					"$(inherited)",
					"@executable_path/Frameworks",
					"@loader_path/Frameworks",
				);
				PRODUCT_BUNDLE_IDENTIFIER = me.joriahlasater.ios.WhyAppTests;
				PRODUCT_NAME = "$(TARGET_NAME)";
				SWIFT_VERSION = 4.0;
				TARGETED_DEVICE_FAMILY = "1,2";
				TEST_HOST = "$(BUILT_PRODUCTS_DIR)/WhyApp.app/WhyApp";
			};
			name = Release;
		};
		093DEA9620C0CDAD00AF0CF4 /* Debug */ = {
			isa = XCBuildConfiguration;
			buildSettings = {
				ALWAYS_EMBED_SWIFT_STANDARD_LIBRARIES = YES;
				CODE_SIGN_STYLE = Automatic;
				DEVELOPMENT_TEAM = BMHTCPUWH7;
				INFOPLIST_FILE = WhyAppUITests/Info.plist;
				LD_RUNPATH_SEARCH_PATHS = (
					"$(inherited)",
					"@executable_path/Frameworks",
					"@loader_path/Frameworks",
				);
				PRODUCT_BUNDLE_IDENTIFIER = me.joriahlasater.ios.WhyAppUITests;
				PRODUCT_NAME = "$(TARGET_NAME)";
				SWIFT_VERSION = 4.0;
				TARGETED_DEVICE_FAMILY = "1,2";
				TEST_TARGET_NAME = WhyApp;
			};
			name = Debug;
		};
		093DEA9720C0CDAD00AF0CF4 /* Release */ = {
			isa = XCBuildConfiguration;
			buildSettings = {
				ALWAYS_EMBED_SWIFT_STANDARD_LIBRARIES = YES;
				CODE_SIGN_STYLE = Automatic;
				DEVELOPMENT_TEAM = BMHTCPUWH7;
				INFOPLIST_FILE = WhyAppUITests/Info.plist;
				LD_RUNPATH_SEARCH_PATHS = (
					"$(inherited)",
					"@executable_path/Frameworks",
					"@loader_path/Frameworks",
				);
				PRODUCT_BUNDLE_IDENTIFIER = me.joriahlasater.ios.WhyAppUITests;
				PRODUCT_NAME = "$(TARGET_NAME)";
				SWIFT_VERSION = 4.0;
				TARGETED_DEVICE_FAMILY = "1,2";
				TEST_TARGET_NAME = WhyApp;
			};
			name = Release;
		};
/* End XCBuildConfiguration section */

/* Begin XCConfigurationList section */
		093DEA5F20C0CDAC00AF0CF4 /* Build configuration list for PBXProject "WhyApp" */ = {
			isa = XCConfigurationList;
			buildConfigurations = (
				093DEA8D20C0CDAD00AF0CF4 /* Debug */,
				093DEA8E20C0CDAD00AF0CF4 /* Release */,
			);
			defaultConfigurationIsVisible = 0;
			defaultConfigurationName = Release;
		};
		093DEA8F20C0CDAD00AF0CF4 /* Build configuration list for PBXNativeTarget "WhyApp" */ = {
			isa = XCConfigurationList;
			buildConfigurations = (
				093DEA9020C0CDAD00AF0CF4 /* Debug */,
				093DEA9120C0CDAD00AF0CF4 /* Release */,
			);
			defaultConfigurationIsVisible = 0;
			defaultConfigurationName = Release;
		};
		093DEA9220C0CDAD00AF0CF4 /* Build configuration list for PBXNativeTarget "WhyAppTests" */ = {
			isa = XCConfigurationList;
			buildConfigurations = (
				093DEA9320C0CDAD00AF0CF4 /* Debug */,
				093DEA9420C0CDAD00AF0CF4 /* Release */,
			);
			defaultConfigurationIsVisible = 0;
			defaultConfigurationName = Release;
		};
		093DEA9520C0CDAD00AF0CF4 /* Build configuration list for PBXNativeTarget "WhyAppUITests" */ = {
			isa = XCConfigurationList;
			buildConfigurations = (
				093DEA9620C0CDAD00AF0CF4 /* Debug */,
				093DEA9720C0CDAD00AF0CF4 /* Release */,
			);
			defaultConfigurationIsVisible = 0;
			defaultConfigurationName = Release;
		};
/* End XCConfigurationList section */

/* Begin XCVersionGroup section */
		093DEA6E20C0CDAC00AF0CF4 /* WhyApp.xcdatamodeld */ = {
			isa = XCVersionGroup;
			children = (
				093DEA6F20C0CDAC00AF0CF4 /* WhyApp.xcdatamodel */,
			);
			currentVersion = 093DEA6F20C0CDAC00AF0CF4 /* WhyApp.xcdatamodel */;
			path = WhyApp.xcdatamodeld;
			sourceTree = "<group>";
			versionGroupType = wrapper.xcdatamodel;
		};
/* End XCVersionGroup section */
	};
	rootObject = 093DEA5C20C0CDAC00AF0CF4 /* Project object */;
}
